
Microsoft Visual Studio Solution File, Format Version 12.00
# Visual Studio Version 17
VisualStudioVersion = 17.9.34728.123
MinimumVisualStudioVersion = 10.0.40219.1
Project("{F2A71F9B-5D33-465A-A702-920D77279786}") = "SavingsApp", "SavingsApp\SavingsApp.fsproj", "{1ED02C88-CFE2-4E06-AADF-1892CFAFA0F7}"
EndProject
Global
	GlobalSection(SolutionConfigurationPlatforms) = preSolution
		Debug|Any CPU = Debug|Any CPU
		Release|Any CPU = Release|Any CPU
	EndGlobalSection
	GlobalSection(ProjectConfigurationPlatforms) = postSolution
		{1ED02C88-CFE2-4E06-AADF-1892CFAFA0F7}.Debug|Any CPU.ActiveCfg = Debug|Any CPU
		{1ED02C88-CFE2-4E06-AADF-1892CFAFA0F7}.Debug|Any CPU.Build.0 = Debug|Any CPU
		{1ED02C88-CFE2-4E06-AADF-1892CFAFA0F7}.Release|Any CPU.ActiveCfg = Release|Any CPU
		{1ED02C88-CFE2-4E06-AADF-1892CFAFA0F7}.Release|Any CPU.Build.0 = Release|Any CPU
	EndGlobalSection
	GlobalSection(SolutionProperties) = preSolution
		HideSolutionNode = FALSE
	EndGlobalSection
	GlobalSection(ExtensibilityGlobals) = postSolution
		SolutionGuid = {DAAFD31A-57E9-43B4-97C9-833E468887E0}
	EndGlobalSection
EndGlobal
